
Microsoft Visual Studio Solution File, Format Version 12.00
# Visual Studio 15
VisualStudioVersion = 15.0.27428.2043
MinimumVisualStudioVersion = 10.0.40219.1
Project("{FAE04EC0-301F-11D3-BF4B-00C04F79EFBC}") = "Lab8Array", "Lab8Array\Lab8Array.csproj", "{003726E4-55EF-49E2-9CFD-FA1A8FF75442}"
EndProject
Global
	GlobalSection(SolutionConfigurationPlatforms) = preSolution
		Debug|Any CPU = Debug|Any CPU
		Release|Any CPU = Release|Any CPU
	EndGlobalSection
	GlobalSection(ProjectConfigurationPlatforms) = postSolution
		{003726E4-55EF-49E2-9CFD-FA1A8FF75442}.Debug|Any CPU.ActiveCfg = Debug|Any CPU
		{003726E4-55EF-49E2-9CFD-FA1A8FF75442}.Debug|Any CPU.Build.0 = Debug|Any CPU
		{003726E4-55EF-49E2-9CFD-FA1A8FF75442}.Release|Any CPU.ActiveCfg = Release|Any CPU
		{003726E4-55EF-49E2-9CFD-FA1A8FF75442}.Release|Any CPU.Build.0 = Release|Any CPU
	EndGlobalSection
	GlobalSection(SolutionProperties) = preSolution
		HideSolutionNode = FALSE
	EndGlobalSection
	GlobalSection(ExtensibilityGlobals) = postSolution
		SolutionGuid = {4D7A3F9B-06E3-4016-A52D-73201E695EA7}
	EndGlobalSection
EndGlobal
